{
  "name": "workbench",
  "version": "0.0.0",
  "lockfileVersion": 3,
  "requires": true,
  "packages": {
    "": {
      "name": "workbench",
      "version": "0.0.0",
      "dependencies": {
        "@johnhenry/html-modules": "github:johnhenry/html-modules#b410eddc6b5c10dcd34e958d84f2c2f9ec9e1963",
        "@johnhenry/mport": "github:johnhenry/mport#f5109bfd20663df760fc60ffe8c055c9679ab04e",
        "@johnhenry/safe-fragment": "0.0.0",
        "@johnhenry/window-algebra": "github:johnhenry/window-algebra#fe20af1efb6febf07e8f45beb784d009e2a316e1"
      },
      "devDependencies": {
        "@axe-core/playwright": "^4.13.0",
        "@playwright/test": "^1.63.0"
      },
      "engines": {
        "node": ">=24"
      }
    },
    "node_modules/@axe-core/playwright": {
      "version": "4.13.0",
      "resolved": "https://registry.npmjs.org/@axe-core/playwright/-/playwright-4.13.0.tgz",
      "integrity": "sha512-6YLx+kxXu5GJceG4ozFg+33a2EMTdjYwWGloJ3sb9Kta5pp+ZNS53uxGVog5JetIY8s++P5UrtX+cri+u0VAVg==",
      "dev": true,
      "license": "MPL-2.0",
      "dependencies": {
        "axe-core": "~4.13.0"
      },
      "peerDependencies": {
        "playwright-core": ">= 1.0.0"
      }
    },
    "node_modules/@johnhenry/html-modules": {
      "version": "0.0.0",
      "resolved": "git+ssh://git@github.com/johnhenry/html-modules.git#b410eddc6b5c10dcd34e958d84f2c2f9ec9e1963",
      "integrity": "sha512-xihxm9ttgB19YyvLNQjJN+r5+yQmszVitXbAfMOTEuvoby7fYlWyKnPmMH0QEQc1nMOIc/uBxAa3rG3wYC8XMQ==",
      "license": "MIT",
      "bin": {
        "html-module": "bin/html-module.js"
      },
      "engines": {
        "node": ">=26.0.0"
      },
      "peerDependencies": {
        "@johnhenry/safe-fragment": "*"
      },
      "peerDependenciesMeta": {
        "@johnhenry/safe-fragment": {
          "optional": true
        }
      }
    },
    "node_modules/@johnhenry/mport": {
      "version": "0.0.0",
      "resolved": "git+ssh://git@github.com/johnhenry/mport.git#f5109bfd20663df760fc60ffe8c055c9679ab04e",
      "integrity": "sha512-SjCL6kMgmi2PooyE1EfhVKw4fj3rRIYOIBJ+zcuJOWmWlylWCudLfOR/CqFO/FGzG0geSSH1D+oylGS15rHlWw==",
      "license": "MIT",
      "bin": {
        "mport": "bin/mport.mjs"
      },
      "engines": {
        "node": ">=26.0.0"
      },
      "peerDependencies": {
        "@johnhenry/html-modules": "*"
      },
      "peerDependenciesMeta": {
        "@johnhenry/html-modules": {
          "optional": true
        }
      }
    },
    "node_modules/@johnhenry/safe-fragment": {
      "version": "0.0.0",
      "resolved": "https://registry.npmjs.org/@johnhenry/safe-fragment/-/safe-fragment-0.0.0.tgz",
      "integrity": "sha512-UVZwT/7CBLulyvr4M38H7W0fyHTAnuuS11VE8e9ya00HAyGFYnKkjqrNiPYA6tIii+mbwRnHeHZpx/JwOB+0bw==",
      "license": "MIT",
      "dependencies": {
        "dompurify": "3.4.16"
      }
    },
    "node_modules/@johnhenry/window-algebra": {
      "version": "0.0.0",
      "resolved": "git+ssh://git@github.com/johnhenry/window-algebra.git#fe20af1efb6febf07e8f45beb784d009e2a316e1",
      "integrity": "sha512-yuURi6Uh4xhTsPXky/1skgoDGIx5smqn91HSBI17AxWiGmp4m/nnN1Y0YKfJRYvd0TAgfYA10/caHEvQcuoFIQ==",
      "license": "MIT",
      "engines": {
        "node": ">=26.0.0"
      }
    },
    "node_modules/@playwright/test": {
      "version": "1.63.0",
      "resolved": "https://registry.npmjs.org/@playwright/test/-/test-1.63.0.tgz",
      "integrity": "sha512-oxMK4vllB9RK5NQ2l1pq1IfOf2AvnEuj/vYGDj0H2nMtmtZpKtCwt/l00GEO6xjGfpBNAvjovvYdCm50dRQkpQ==",
      "dev": true,
      "license": "Apache-2.0",
      "dependencies": {
        "playwright": "1.63.0"
      },
      "bin": {
        "playwright": "cli.js"
      },
      "engines": {
        "node": ">=20"
      }
    },
    "node_modules/@types/trusted-types": {
      "version": "2.0.7",
      "resolved": "https://registry.npmjs.org/@types/trusted-types/-/trusted-types-2.0.7.tgz",
      "integrity": "sha512-ScaPdn1dQczgbl0QFTeTOmVHFULt394XJgOQNoyVhZ6r2vLnMLJfBPd53SB52T/3G36VI1/g2MZaX0cwDuXsfw==",
      "license": "MIT",
      "optional": true
    },
    "node_modules/axe-core": {
      "version": "4.13.0",
      "resolved": "https://registry.npmjs.org/axe-core/-/axe-core-4.13.0.tgz",
      "integrity": "sha512-UzGt8zg7Ny8djbYMhxl2zuEevVa7r2gJjYY5Lwr1xM7+XU2nd6CkIWFTVcCIbAP63vSz71NaVyyuSk9lHKcy0A==",
      "dev": true,
      "license": "MPL-2.0",
      "engines": {
        "node": ">=4"
      }
    },
    "node_modules/dompurify": {
      "version": "3.4.16",
      "resolved": "https://registry.npmjs.org/dompurify/-/dompurify-3.4.16.tgz",
      "integrity": "sha512-sqo+pNp3qRhCIpbgRi1y8Tgk27Bo2Ry7w0dC1NBeNTdZChWjz9Xb/KOoZbRP/R6pQZ80Qw8YhXw13hWWBbMRnQ==",
      "license": "(MPL-2.0 OR Apache-2.0)",
      "optionalDependencies": {
        "@types/trusted-types": "^2.0.7"
      }
    },
    "node_modules/playwright": {
      "version": "1.63.0",
      "resolved": "https://registry.npmjs.org/playwright/-/playwright-1.63.0.tgz",
      "integrity": "sha512-+7ziBLidS4NaNCdt57SUDT+wYmmd5fmiQejUic/kb+YsYSCPyOOE9sebzMjNmQrsnNpDJqd4WHvV/8lfKfUDUg==",
      "dev": true,
      "license": "Apache-2.0",
      "dependencies": {
        "playwright-core": "1.63.0"
      },
      "bin": {
        "playwright": "cli.js"
      },
      "engines": {
        "node": ">=20"
      }
    },
    "node_modules/playwright-core": {
      "version": "1.63.0",
      "resolved": "https://registry.npmjs.org/playwright-core/-/playwright-core-1.63.0.tgz",
      "integrity": "sha512-rYCsBF/M5HjUch52bbtVONEFjv6Xu8sm8h72dNlR5bzIE1fvC/bxgspzkjSfU+MweEMmPM8KJebG6nnyxo5mCg==",
      "dev": true,
      "license": "Apache-2.0",
      "bin": {
        "playwright-core": "cli.js"
      },
      "engines": {
        "node": ">=20"
      }
    }
  }
}
