{
  "name": "workbench",
  "version": "0.0.0",
  "lockfileVersion": 3,
  "requires": true,
  "packages": {
    "": {
      "name": "workbench",
      "version": "0.0.0",
      "dependencies": {
        "@johnhenry/html-modules": "github:johnhenry/html-modules#2dd5a5f98c58f043b2c743eb48be08a28870539b",
        "@johnhenry/mport": "github:johnhenry/mport#928dd6b0819043a9c011971b8daec349fc399daa",
        "@johnhenry/safe-fragment": "github:johnhenry/safe-fragment#5717e5200535429fed3adc60fb7cd181dd68d6e8",
        "@johnhenry/window-algebra": "github:johnhenry/window-algebra#6b17bfc98bea50b66e9d90ca990947a52a8fd4eb"
      },
      "devDependencies": {
        "@axe-core/playwright": "^4.13.0",
        "@playwright/test": "^1.63.0"
      },
      "engines": {
        "node": ">=24"
      }
    },
    "node_modules/@axe-core/playwright": {
      "version": "4.13.0",
      "resolved": "https://registry.npmjs.org/@axe-core/playwright/-/playwright-4.13.0.tgz",
      "integrity": "sha512-6YLx+kxXu5GJceG4ozFg+33a2EMTdjYwWGloJ3sb9Kta5pp+ZNS53uxGVog5JetIY8s++P5UrtX+cri+u0VAVg==",
      "dev": true,
      "license": "MPL-2.0",
      "dependencies": {
        "axe-core": "~4.13.0"
      },
      "peerDependencies": {
        "playwright-core": ">= 1.0.0"
      }
    },
    "node_modules/@johnhenry/html-modules": {
      "version": "0.0.0",
      "resolved": "git+ssh://git@github.com/johnhenry/html-modules.git#2dd5a5f98c58f043b2c743eb48be08a28870539b",
      "integrity": "sha512-afu4fxawVHLAbd631Q0p8P8EQ5h0q+jBLbCRHw4xsYleW0VXTFKenO58OLqWW3QpD2tgxV6ly+QBtcoboysRCg==",
      "license": "MIT",
      "bin": {
        "html-module": "bin/html-module.js"
      },
      "engines": {
        "node": ">=26.0.0"
      },
      "peerDependencies": {
        "@johnhenry/safe-fragment": "*"
      },
      "peerDependenciesMeta": {
        "@johnhenry/safe-fragment": {
          "optional": true
        }
      }
    },
    "node_modules/@johnhenry/mport": {
      "version": "0.0.0",
      "resolved": "git+ssh://git@github.com/johnhenry/mport.git#928dd6b0819043a9c011971b8daec349fc399daa",
      "integrity": "sha512-KGuo/s/fs/IaYcK3TUKFi1bZ535rR09sXrinpwqZl2tOtaISgTYNPIkaX9rvw3jl4jOClRgtR7K4lbC02JjbQA==",
      "license": "MIT",
      "bin": {
        "mport": "bin/mport.mjs"
      },
      "engines": {
        "node": ">=26.0.0"
      }
    },
    "node_modules/@johnhenry/safe-fragment": {
      "version": "0.0.0",
      "resolved": "git+ssh://git@github.com/johnhenry/safe-fragment.git#5717e5200535429fed3adc60fb7cd181dd68d6e8",
      "integrity": "sha512-dlIhAAfu+0kberqovGay8CaDT7lMo5qQtetcuaYabjpn9CrDEFTJNDi6tWSS6hF1ietrphmcmaE6j6YnkGCdZw==",
      "license": "MIT",
      "dependencies": {
        "dompurify": "3.4.16"
      }
    },
    "node_modules/@johnhenry/window-algebra": {
      "version": "0.0.0",
      "resolved": "git+ssh://git@github.com/johnhenry/window-algebra.git#6b17bfc98bea50b66e9d90ca990947a52a8fd4eb",
      "integrity": "sha512-b9Si+4lP8N1MIaTnww9UL2iwoTZHSn2Bgl0BNSijvw1QWa0XjQMKWWk1stZaFzT5Kec9pt/AMplYvtif0Wu4BA==",
      "license": "MIT",
      "engines": {
        "node": ">=26.0.0"
      }
    },
    "node_modules/@playwright/test": {
      "version": "1.63.0",
      "resolved": "https://registry.npmjs.org/@playwright/test/-/test-1.63.0.tgz",
      "integrity": "sha512-oxMK4vllB9RK5NQ2l1pq1IfOf2AvnEuj/vYGDj0H2nMtmtZpKtCwt/l00GEO6xjGfpBNAvjovvYdCm50dRQkpQ==",
      "dev": true,
      "license": "Apache-2.0",
      "dependencies": {
        "playwright": "1.63.0"
      },
      "bin": {
        "playwright": "cli.js"
      },
      "engines": {
        "node": ">=20"
      }
    },
    "node_modules/@types/trusted-types": {
      "version": "2.0.7",
      "resolved": "https://registry.npmjs.org/@types/trusted-types/-/trusted-types-2.0.7.tgz",
      "integrity": "sha512-ScaPdn1dQczgbl0QFTeTOmVHFULt394XJgOQNoyVhZ6r2vLnMLJfBPd53SB52T/3G36VI1/g2MZaX0cwDuXsfw==",
      "license": "MIT",
      "optional": true
    },
    "node_modules/axe-core": {
      "version": "4.13.0",
      "resolved": "https://registry.npmjs.org/axe-core/-/axe-core-4.13.0.tgz",
      "integrity": "sha512-UzGt8zg7Ny8djbYMhxl2zuEevVa7r2gJjYY5Lwr1xM7+XU2nd6CkIWFTVcCIbAP63vSz71NaVyyuSk9lHKcy0A==",
      "dev": true,
      "license": "MPL-2.0",
      "engines": {
        "node": ">=4"
      }
    },
    "node_modules/dompurify": {
      "version": "3.4.16",
      "resolved": "https://registry.npmjs.org/dompurify/-/dompurify-3.4.16.tgz",
      "integrity": "sha512-sqo+pNp3qRhCIpbgRi1y8Tgk27Bo2Ry7w0dC1NBeNTdZChWjz9Xb/KOoZbRP/R6pQZ80Qw8YhXw13hWWBbMRnQ==",
      "license": "(MPL-2.0 OR Apache-2.0)",
      "optionalDependencies": {
        "@types/trusted-types": "^2.0.7"
      }
    },
    "node_modules/playwright": {
      "version": "1.63.0",
      "resolved": "https://registry.npmjs.org/playwright/-/playwright-1.63.0.tgz",
      "integrity": "sha512-+7ziBLidS4NaNCdt57SUDT+wYmmd5fmiQejUic/kb+YsYSCPyOOE9sebzMjNmQrsnNpDJqd4WHvV/8lfKfUDUg==",
      "dev": true,
      "license": "Apache-2.0",
      "dependencies": {
        "playwright-core": "1.63.0"
      },
      "bin": {
        "playwright": "cli.js"
      },
      "engines": {
        "node": ">=20"
      }
    },
    "node_modules/playwright-core": {
      "version": "1.63.0",
      "resolved": "https://registry.npmjs.org/playwright-core/-/playwright-core-1.63.0.tgz",
      "integrity": "sha512-rYCsBF/M5HjUch52bbtVONEFjv6Xu8sm8h72dNlR5bzIE1fvC/bxgspzkjSfU+MweEMmPM8KJebG6nnyxo5mCg==",
      "dev": true,
      "license": "Apache-2.0",
      "bin": {
        "playwright-core": "cli.js"
      },
      "engines": {
        "node": ">=20"
      }
    }
  }
}
