{
  "name": "workbench",
  "version": "0.0.0",
  "lockfileVersion": 3,
  "requires": true,
  "packages": {
    "": {
      "name": "workbench",
      "version": "0.0.0",
      "dependencies": {
        "@johnhenry/html-modules": "github:johnhenry/html-modules#953f40b4a4ac64608b01b16d07524d8aeb784d49",
        "@johnhenry/mport": "github:johnhenry/mport#e9a9c0beb7e4730a549ecc38ca3538a1facb9adc",
        "@johnhenry/window-algebra": "github:johnhenry/window-algebra#ce49ba21fe06b891985250c149ede54f20c2c187"
      },
      "devDependencies": {
        "@axe-core/playwright": "^4.13.0",
        "@playwright/test": "^1.63.0"
      },
      "engines": {
        "node": ">=24"
      }
    },
    "node_modules/@axe-core/playwright": {
      "version": "4.13.0",
      "resolved": "https://registry.npmjs.org/@axe-core/playwright/-/playwright-4.13.0.tgz",
      "integrity": "sha512-6YLx+kxXu5GJceG4ozFg+33a2EMTdjYwWGloJ3sb9Kta5pp+ZNS53uxGVog5JetIY8s++P5UrtX+cri+u0VAVg==",
      "dev": true,
      "license": "MPL-2.0",
      "dependencies": {
        "axe-core": "~4.13.0"
      },
      "peerDependencies": {
        "playwright-core": ">= 1.0.0"
      }
    },
    "node_modules/@johnhenry/html-modules": {
      "version": "0.0.0",
      "resolved": "git+ssh://git@github.com/johnhenry/html-modules.git#953f40b4a4ac64608b01b16d07524d8aeb784d49",
      "integrity": "sha512-/D8XklXfXj72G16U4vNeNxtRL1187oy5o7NYVYTH01f9wpBLhskry5v9lGSueZEfLfXG1KhH4sp6SmCyZuV5IA==",
      "license": "MIT",
      "bin": {
        "html-module": "bin/html-module.js"
      },
      "engines": {
        "node": ">=26.0.0"
      }
    },
    "node_modules/@johnhenry/mport": {
      "version": "0.0.0",
      "resolved": "git+ssh://git@github.com/johnhenry/mport.git#e9a9c0beb7e4730a549ecc38ca3538a1facb9adc",
      "integrity": "sha512-rW6bc4eOnxotBv/wmL2PayXgO/SQT5PzbeI+yVpZWJ8IGgqCQdbUv9XI1NMZ5AxkKhtbHPK6ZQuHUy5xjtxcSQ==",
      "license": "MIT",
      "bin": {
        "mport": "bin/mport.mjs"
      },
      "engines": {
        "node": ">=26.0.0"
      }
    },
    "node_modules/@johnhenry/window-algebra": {
      "version": "0.0.0",
      "resolved": "git+ssh://git@github.com/johnhenry/window-algebra.git#ce49ba21fe06b891985250c149ede54f20c2c187",
      "integrity": "sha512-qX8WOuTRmQ1IjNfH4KKghzn/MocbKC2D8Uyj0TjOWIUsu6ejwrII57Tjsq2LrN20tpJk6kUk8t6h3O+HZ+fmmA==",
      "license": "MIT",
      "engines": {
        "node": ">=26.0.0"
      }
    },
    "node_modules/@playwright/test": {
      "version": "1.63.0",
      "resolved": "https://registry.npmjs.org/@playwright/test/-/test-1.63.0.tgz",
      "integrity": "sha512-oxMK4vllB9RK5NQ2l1pq1IfOf2AvnEuj/vYGDj0H2nMtmtZpKtCwt/l00GEO6xjGfpBNAvjovvYdCm50dRQkpQ==",
      "dev": true,
      "license": "Apache-2.0",
      "dependencies": {
        "playwright": "1.63.0"
      },
      "bin": {
        "playwright": "cli.js"
      },
      "engines": {
        "node": ">=20"
      }
    },
    "node_modules/axe-core": {
      "version": "4.13.0",
      "resolved": "https://registry.npmjs.org/axe-core/-/axe-core-4.13.0.tgz",
      "integrity": "sha512-UzGt8zg7Ny8djbYMhxl2zuEevVa7r2gJjYY5Lwr1xM7+XU2nd6CkIWFTVcCIbAP63vSz71NaVyyuSk9lHKcy0A==",
      "dev": true,
      "license": "MPL-2.0",
      "engines": {
        "node": ">=4"
      }
    },
    "node_modules/playwright": {
      "version": "1.63.0",
      "resolved": "https://registry.npmjs.org/playwright/-/playwright-1.63.0.tgz",
      "integrity": "sha512-+7ziBLidS4NaNCdt57SUDT+wYmmd5fmiQejUic/kb+YsYSCPyOOE9sebzMjNmQrsnNpDJqd4WHvV/8lfKfUDUg==",
      "dev": true,
      "license": "Apache-2.0",
      "dependencies": {
        "playwright-core": "1.63.0"
      },
      "bin": {
        "playwright": "cli.js"
      },
      "engines": {
        "node": ">=20"
      }
    },
    "node_modules/playwright-core": {
      "version": "1.63.0",
      "resolved": "https://registry.npmjs.org/playwright-core/-/playwright-core-1.63.0.tgz",
      "integrity": "sha512-rYCsBF/M5HjUch52bbtVONEFjv6Xu8sm8h72dNlR5bzIE1fvC/bxgspzkjSfU+MweEMmPM8KJebG6nnyxo5mCg==",
      "dev": true,
      "license": "Apache-2.0",
      "bin": {
        "playwright-core": "cli.js"
      },
      "engines": {
        "node": ">=20"
      }
    }
  }
}
